dependencies:
  LED:
    component_hash: f0b813ad0cc12447bf0ad655b28e4c0726a3bd655b40360a770ef8b750e70e67
    source:
      git: https://github.com/VisawaPRO/LED_Test.git
      path: components/LED
      type: git
    version: fb5d90897999554ffe397ef6eb980e1e9da11402
  idf:
    component_hash: null
    source:
      type: idf
    version: 5.2.2
manifest_hash: d7b79685e5cbb3a8b08af5ef60493a167ca7401d630a1ca5f97b174744d31b65
target: esp32
version: 1.0.0
